{
  "name": "turborepo-cache-app",
  "lockfileVersion": 3,
  "requires": true,
  "packages": {
    "": {
      "name": "turborepo-cache-app",
      "workspaces": [
        "packages/*"
      ],
      "devDependencies": {
        "turbo": "2.11.6"
      }
    },
    "node_modules/@turbo/darwin-64": {
      "version": "2.11.6",
      "resolved": "https://registry.npmjs.org/@turbo/darwin-64/-/darwin-64-2.11.6.tgz",
      "integrity": "sha512-nAvJwDBgz/cKoSPhB7YOGPFmDEwCRavFjy0jUsrGqR97cLyJqXU2rZC/zTnw+9J3DkB2gfjpolX7mKsBatMcCQ==",
      "cpu": [
        "x64"
      ],
      "dev": true,
      "license": "MIT",
      "optional": true,
      "os": [
        "darwin"
      ]
    },
    "node_modules/@turbo/darwin-arm64": {
      "version": "2.11.6",
      "resolved": "https://registry.npmjs.org/@turbo/darwin-arm64/-/darwin-arm64-2.11.6.tgz",
      "integrity": "sha512-odk6UHW9hympllPlezz7oJhPmO40+oU8BUh4zvNuSIqQ1QQll4zo1DN4IrD/3jUzkLefvMJ8UHEHlGq9WdR7tw==",
      "cpu": [
        "arm64"
      ],
      "dev": true,
      "license": "MIT",
      "optional": true,
      "os": [
        "darwin"
      ]
    },
    "node_modules/@turbo/linux-64": {
      "version": "2.11.6",
      "resolved": "https://registry.npmjs.org/@turbo/linux-64/-/linux-64-2.11.6.tgz",
      "integrity": "sha512-PvXbwMqZPEWdWnJSIJ5D/tugnSOrRvLYKkH7iC8TLGVI+4J5znSLn3Tx1YkH5OUzFEFhxJQyHjtiRqBPbCoVlg==",
      "cpu": [
        "x64"
      ],
      "dev": true,
      "license": "MIT",
      "optional": true,
      "os": [
        "android",
        "linux"
      ]
    },
    "node_modules/@turbo/linux-arm64": {
      "version": "2.11.6",
      "resolved": "https://registry.npmjs.org/@turbo/linux-arm64/-/linux-arm64-2.11.6.tgz",
      "integrity": "sha512-8FKA3SqJk6fTv7Hqrmv2JnJfqiXslTRJYBwiI6eU3QXokVMYFLh1wUywF+w3MPtDfx1O/1otbps5AnijbzY1Kg==",
      "cpu": [
        "arm64"
      ],
      "dev": true,
      "license": "MIT",
      "optional": true,
      "os": [
        "android",
        "linux"
      ]
    },
    "node_modules/@turbo/windows-64": {
      "version": "2.11.6",
      "resolved": "https://registry.npmjs.org/@turbo/windows-64/-/windows-64-2.11.6.tgz",
      "integrity": "sha512-XPSgTg494cV31u0Uch8zRq/Jnpe8h4muwNpg9IRPrJqADrjjzxzFMtJCtBZTKVaSEDUU/ol8Gr4SYxtiHt2Tzg==",
      "cpu": [
        "x64"
      ],
      "dev": true,
      "license": "MIT",
      "optional": true,
      "os": [
        "win32"
      ]
    },
    "node_modules/@turbo/windows-arm64": {
      "version": "2.11.6",
      "resolved": "https://registry.npmjs.org/@turbo/windows-arm64/-/windows-arm64-2.11.6.tgz",
      "integrity": "sha512-dZ0/ZFH2AU/l1KdqISVkWUSnm0ufWZyiYRLDYCL+rJAhkUDMFhTZkSnYEL2O/m0tOu/Jy/EKAnZfocuyMX3LMQ==",
      "cpu": [
        "arm64"
      ],
      "dev": true,
      "license": "MIT",
      "optional": true,
      "os": [
        "win32"
      ]
    },
    "node_modules/@turborepo-cache/message": {
      "resolved": "packages/message",
      "link": true
    },
    "node_modules/turbo": {
      "version": "2.11.6",
      "resolved": "https://registry.npmjs.org/turbo/-/turbo-2.11.6.tgz",
      "integrity": "sha512-UppAr5XEHLfVdVp75nd+tzPp/wVEwS7Ken9aYjMlBnHqXynKn9IcQHd6GDOXBxDViSjpS+SzJcOF86v9Hf8GfQ==",
      "dev": true,
      "license": "MIT",
      "bin": {
        "turbo": "bin/turbo"
      },
      "optionalDependencies": {
        "@turbo/darwin-64": "2.11.6",
        "@turbo/darwin-arm64": "2.11.6",
        "@turbo/linux-64": "2.11.6",
        "@turbo/linux-arm64": "2.11.6",
        "@turbo/windows-64": "2.11.6",
        "@turbo/windows-arm64": "2.11.6"
      }
    },
    "packages/message": {
      "name": "@turborepo-cache/message"
    }
  }
}
